ansi-regex:
 _:
  ^3.0.0: 3.0.0
 3.0.0:
  $: ed0317c322064f79466c02966bddb605ab37d998
  _: 'https://registry.npmjs.org/ansi-regex/-/ansi-regex-3.0.0.tgz'
ansi-styles:
 _:
  ^3.1.0: 3.2.0
 3.2.0:
  $: c159b8d5be0f9e5a6f346dab94f16ce022161b88
  _: 'https://registry.npmjs.org/ansi-styles/-/ansi-styles-3.2.0.tgz'
  dependencies:
   color-convert: ^1.9.0
assertion-error:
 _:
  ^1.0.1: 1.0.2
 1.0.2:
  $: 13ca515d86206da0bac66e834dd397d87581094c
  _: 'https://registry.npmjs.org/assertion-error/-/assertion-error-1.0.2.tgz'
balanced-match:
 _:
  ^1.0.0: 1.0.0
 1.0.0:
  $: 89b4d199ab2bee49de164ea02b89ce462d71b767
  _: 'https://registry.npmjs.org/balanced-match/-/balanced-match-1.0.0.tgz'
brace-expansion:
 _:
  ^1.1.7: 1.1.8
 1.1.8:
  $: c07b211c7c952ec1f8efd51a77ef0d1d3990a292
  _: 'https://registry.npmjs.org/brace-expansion/-/brace-expansion-1.1.8.tgz'
  dependencies:
   balanced-match: ^1.0.0
   concat-map: 0.0.1
browser-stdout:
 _:
  1.3.0: 1.3.0
 1.3.0:
  $: f351d32969d32fa5d7a5567154263d928ae3bd1f
  _: 'https://registry.npmjs.org/browser-stdout/-/browser-stdout-1.3.0.tgz'
chai:
 _:
  ^4.0.0: 4.1.2
 4.1.2:
  top: 1
  $: 0f64584ba642f0f2ace2806279f4f06ca23ad73c
  _: 'https://registry.npmjs.org/chai/-/chai-4.1.2.tgz'
  dependencies:
   assertion-error: ^1.0.1
   check-error: ^1.0.1
   deep-eql: ^3.0.0
   get-func-name: ^2.0.0
   pathval: ^1.0.0
   type-detect: ^4.0.0
chalk:
 _:
  ^2.0.1: 2.3.0
 2.3.0:
  top: 1
  $: b5ea48efc9c1793dccc9b4767c93914d3f2d52ba
  _: 'https://registry.npmjs.org/chalk/-/chalk-2.3.0.tgz'
  dependencies:
   ansi-styles: ^3.1.0
   escape-string-regexp: ^1.0.5
   supports-color: ^4.0.0
check-error:
 _:
  ^1.0.1: 1.0.2
 1.0.2:
  $: 574d312edd88bb5dd8912e9286dd6c0aed4aac82
  _: 'https://registry.npmjs.org/check-error/-/check-error-1.0.2.tgz'
color-convert:
 _:
  ^1.9.0: 1.9.1
 1.9.1:
  $: c1261107aeb2f294ebffec9ed9ecad529a6097ed
  _: 'https://registry.npmjs.org/color-convert/-/color-convert-1.9.1.tgz'
  dependencies:
   color-name: ^1.1.1
color-name:
 _:
  ^1.1.1: 1.1.3
 1.1.3:
  $: a7d0558bd89c42f795dd42328f740831ca53bc25
  _: 'https://registry.npmjs.org/color-name/-/color-name-1.1.3.tgz'
commander:
 _:
  2.9.0: 2.9.0
 2.9.0:
  $: 9c99094176e12240cb22d6c5146098400fe0f7d4
  _: 'https://registry.npmjs.org/commander/-/commander-2.9.0.tgz'
  dependencies:
   graceful-readlink: '>= 1.0.0'
concat-map:
 _:
  0.0.1: 0.0.1
 0.0.1:
  $: d8a96bd77fd68df7793a73036a3ba0d5405d477b
  _: 'https://registry.npmjs.org/concat-map/-/concat-map-0.0.1.tgz'
debug:
 _:
  2.6.8: 2.6.8
 2.6.8:
  $: e731531ca2ede27d188222427da17821d68ff4fc
  _: 'https://registry.npmjs.org/debug/-/debug-2.6.8.tgz'
  dependencies:
   ms: 2.0.0
deep-eql:
 _:
  ^3.0.0: 3.0.1
 3.0.1:
  $: dfc9404400ad1c8fe023e7da1df1c147c4b444df
  _: 'https://registry.npmjs.org/deep-eql/-/deep-eql-3.0.1.tgz'
  dependencies:
   type-detect: ^4.0.0
diff:
 _:
  3.2.0: 3.2.0
 3.2.0:
  $: c9ce393a4b7cbd0b058a725c93df299027868ff9
  _: 'https://registry.npmjs.org/diff/-/diff-3.2.0.tgz'
escape-string-regexp:
 _:
  '1.0.5,^1.0.5': 1.0.5
 1.0.5:
  $: 1b61c0562190a8dff6ae3bb2cf0200ca130b86d4
  _: 'https://registry.npmjs.org/escape-string-regexp/-/escape-string-regexp-1.0.5.tgz'
fs.realpath:
 _:
  ^1.0.0: 1.0.0
 1.0.0:
  $: 1504ad2523158caa40db4a2787cb01411994ea4f
  _: 'https://registry.npmjs.org/fs.realpath/-/fs.realpath-1.0.0.tgz'
get-func-name:
 _:
  ^2.0.0: 2.0.0
 2.0.0:
  $: ead774abee72e20409433a066366023dd6887a41
  _: 'https://registry.npmjs.org/get-func-name/-/get-func-name-2.0.0.tgz'
glob:
 _:
  7.1.1: 7.1.1
  ^7.0.0: 7.1.2
 7.1.2:
  $: c19c9df9a028702d678612384a6552404c636d15
  _: 'https://registry.npmjs.org/glob/-/glob-7.1.2.tgz'
  dependencies:
   fs.realpath: ^1.0.0
   inflight: ^1.0.4
   inherits: '2'
   minimatch: ^3.0.4
   once: ^1.3.0
   path-is-absolute: ^1.0.0
 7.1.1:
  $: 805211df04faaf1c63a3600306cdf5ade50b2ec8
  _: 'https://registry.npmjs.org/glob/-/glob-7.1.1.tgz'
  dependencies:
   fs.realpath: ^1.0.0
   inflight: ^1.0.4
   inherits: '2'
   minimatch: ^3.0.2
   once: ^1.3.0
   path-is-absolute: ^1.0.0
graceful-readlink:
 _:
  '>= 1.0.0': 1.0.1
 1.0.1:
  $: 4cafad76bc62f02fa039b2f94e9a3dd3a391a725
  _: 'https://registry.npmjs.org/graceful-readlink/-/graceful-readlink-1.0.1.tgz'
growl:
 _:
  1.9.2: 1.9.2
 1.9.2:
  $: 0ea7743715db8d8de2c5ede1775e1b45ac85c02f
  _: 'https://registry.npmjs.org/growl/-/growl-1.9.2.tgz'
has-flag:
 _:
  ^1.0.0: 1.0.0
  ^2.0.0: 2.0.0
 2.0.0:
  $: e8207af1cc7b30d446cc70b734b5e8be18f88d51
  _: 'https://registry.npmjs.org/has-flag/-/has-flag-2.0.0.tgz'
 1.0.0:
  $: 9d9e793165ce017a00f00418c43f942a7b1d11fa
  _: 'https://registry.npmjs.org/has-flag/-/has-flag-1.0.0.tgz'
he:
 _:
  1.1.1: 1.1.1
 1.1.1:
  $: 93410fd21b009735151f8868c2f271f3427e23fd
  _: 'https://registry.npmjs.org/he/-/he-1.1.1.tgz'
inflight:
 _:
  ^1.0.4: 1.0.6
 1.0.6:
  $: 49bd6331d7d02d0c09bc910a1075ba8165b56df9
  _: 'https://registry.npmjs.org/inflight/-/inflight-1.0.6.tgz'
  dependencies:
   once: ^1.3.0
   wrappy: '1'
inherits:
 _:
  '2': 2.0.3
 2.0.3:
  $: 633c2c83e3da42a502f52466022480f4208261de
  _: 'https://registry.npmjs.org/inherits/-/inherits-2.0.3.tgz'
insync:
 _:
  ^2.1.1: 2.1.1
 2.1.1:
  top: 1
  $: 22e26c61121303c06f51d35a3ccf6d8fc1e914c4
  _: 'https://registry.npmjs.org/insync/-/insync-2.1.1.tgz'
json3:
 _:
  3.3.2: 3.3.2
 3.3.2:
  $: 3c0434743df93e2f5c42aee7b19bcb483575f4e1
  _: 'https://registry.npmjs.org/json3/-/json3-3.3.2.tgz'
lodash._baseassign:
 _:
  ^3.0.0: 3.2.0
 3.2.0:
  $: 8c38a099500f215ad09e59f1722fd0c52bfe0a4e
  _: 'https://registry.npmjs.org/lodash._baseassign/-/lodash._baseassign-3.2.0.tgz'
  dependencies:
   lodash._basecopy: ^3.0.0
   lodash.keys: ^3.0.0
lodash._basecopy:
 _:
  ^3.0.0: 3.0.1
 3.0.1:
  $: 8da0e6a876cf344c0ad8a54882111dd3c5c7ca36
  _: 'https://registry.npmjs.org/lodash._basecopy/-/lodash._basecopy-3.0.1.tgz'
lodash._basecreate:
 _:
  ^3.0.0: 3.0.3
 3.0.3:
  $: 1bc661614daa7fc311b7d03bf16806a0213cf821
  _: 'https://registry.npmjs.org/lodash._basecreate/-/lodash._basecreate-3.0.3.tgz'
lodash._getnative:
 _:
  ^3.0.0: 3.9.1
 3.9.1:
  $: 570bc7dede46d61cdcde687d65d3eecbaa3aaff5
  _: 'https://registry.npmjs.org/lodash._getnative/-/lodash._getnative-3.9.1.tgz'
lodash._isiterateecall:
 _:
  ^3.0.0: 3.0.9
 3.0.9:
  $: 5203ad7ba425fae842460e696db9cf3e6aac057c
  _: 'https://registry.npmjs.org/lodash._isiterateecall/-/lodash._isiterateecall-3.0.9.tgz'
lodash.create:
 _:
  3.1.1: 3.1.1
 3.1.1:
  $: d7f2849f0dbda7e04682bb8cd72ab022461debe7
  _: 'https://registry.npmjs.org/lodash.create/-/lodash.create-3.1.1.tgz'
  dependencies:
   lodash._baseassign: ^3.0.0
   lodash._basecreate: ^3.0.0
   lodash._isiterateecall: ^3.0.0
lodash.foreach:
 _:
  ^4.5.0: 4.5.0
 4.5.0:
  top: 1
  $: 1a6a35eace401280c7f06dddec35165ab27e3e53
  _: 'https://registry.npmjs.org/lodash.foreach/-/lodash.foreach-4.5.0.tgz'
lodash.isarguments:
 _:
  ^3.0.0: 3.1.0
 3.1.0:
  $: 2f573d85c6a24289ff00663b491c1d338ff3458a
  _: 'https://registry.npmjs.org/lodash.isarguments/-/lodash.isarguments-3.1.0.tgz'
lodash.isarray:
 _:
  ^3.0.0: 3.0.4
 3.0.4:
  $: 79e4eb88c36a8122af86f844aa9bcd851b5fbb55
  _: 'https://registry.npmjs.org/lodash.isarray/-/lodash.isarray-3.0.4.tgz'
lodash.keys:
 _:
  ^3.0.0: 3.1.2
 3.1.2:
  $: 4dbc0472b156be50a0b286855d1bd0b0c656098a
  _: 'https://registry.npmjs.org/lodash.keys/-/lodash.keys-3.1.2.tgz'
  dependencies:
   lodash._getnative: ^3.0.0
   lodash.isarguments: ^3.0.0
   lodash.isarray: ^3.0.0
minimatch:
 _:
  '^3.0.2,^3.0.4': 3.0.4
 3.0.4:
  $: 5166e286457f03306064be5497e8dbb0c3d32083
  _: 'https://registry.npmjs.org/minimatch/-/minimatch-3.0.4.tgz'
  dependencies:
   brace-expansion: ^1.1.7
minimist:
 _:
  0.0.8: 0.0.8
 0.0.8:
  $: 857fcabfc3397d2625b8228262e86aa7a011b05d
  _: 'https://registry.npmjs.org/minimist/-/minimist-0.0.8.tgz'
mkdirp:
 _:
  0.5.1: 0.5.1
 0.5.1:
  $: 30057438eac6cf7f8c4767f38648d6697d75c903
  _: 'https://registry.npmjs.org/mkdirp/-/mkdirp-0.5.1.tgz'
  dependencies:
   minimist: 0.0.8
mocha:
 _:
  ^3.4.2: 3.5.3
 3.5.3:
  top: 1
  $: 1e0480fe36d2da5858d1eb6acc38418b26eaa20d
  _: 'https://registry.npmjs.org/mocha/-/mocha-3.5.3.tgz'
  dependencies:
   browser-stdout: 1.3.0
   commander: 2.9.0
   debug: 2.6.8
   diff: 3.2.0
   escape-string-regexp: 1.0.5
   glob: 7.1.1
   growl: 1.9.2
   he: 1.1.1
   json3: 3.3.2
   lodash.create: 3.1.1
   mkdirp: 0.5.1
   supports-color: 3.1.2
ms:
 _:
  2.0.0: 2.0.0
 2.0.0:
  $: 5608aeadfc00be6c2901df5f9861788de0d597c8
  _: 'https://registry.npmjs.org/ms/-/ms-2.0.0.tgz'
nix-clap:
 _:
  ^1.0.8: 1.3.0
 1.3.0:
  top: 1
  $: 3078346892c9254168727b9e0a26cd9542b2fcb5
  _: 'https://registry.npmjs.org/nix-clap/-/nix-clap-1.3.0.tgz'
  dependencies:
   strip-ansi: ^4.0.0
nyc:
 _:
  ^11.0.2: 11.4.1
 11.4.1:
  top: 1
  $: 13fdf7e7ef22d027c61d174758f6978a68f4f5e5
  _: 'https://registry.npmjs.org/nyc/-/nyc-11.4.1.tgz'
  dependencies:
   archy: ^1.0.0
   arrify: ^1.0.1
   caching-transform: ^1.0.0
   convert-source-map: ^1.3.0
   debug-log: ^1.0.1
   default-require-extensions: ^1.0.0
   find-cache-dir: ^0.1.1
   find-up: ^2.1.0
   foreground-child: ^1.5.3
   glob: ^7.0.6
   istanbul-lib-coverage: ^1.1.1
   istanbul-lib-hook: ^1.1.0
   istanbul-lib-instrument: ^1.9.1
   istanbul-lib-report: ^1.1.2
   istanbul-lib-source-maps: ^1.2.2
   istanbul-reports: ^1.1.3
   md5-hex: ^1.2.0
   merge-source-map: ^1.0.2
   micromatch: ^2.3.11
   mkdirp: ^0.5.0
   resolve-from: ^2.0.0
   rimraf: ^2.5.4
   signal-exit: ^3.0.1
   spawn-wrap: ^1.4.2
   test-exclude: ^4.1.1
   yargs: ^10.0.3
   yargs-parser: ^8.0.0
  bundleDependencies:
   - archy
   - arrify
   - caching-transform
   - convert-source-map
   - debug-log
   - default-require-extensions
   - find-cache-dir
   - find-up
   - foreground-child
   - glob
   - istanbul-lib-coverage
   - istanbul-lib-hook
   - istanbul-lib-instrument
   - istanbul-lib-report
   - istanbul-lib-source-maps
   - istanbul-reports
   - md5-hex
   - merge-source-map
   - micromatch
   - mkdirp
   - resolve-from
   - rimraf
   - signal-exit
   - spawn-wrap
   - test-exclude
   - yargs
   - yargs-parser
once:
 _:
  ^1.3.0: 1.4.0
 1.4.0:
  $: 583b1aa775961d4b113ac17d9c50baef9dd76bd1
  _: 'https://registry.npmjs.org/once/-/once-1.4.0.tgz'
  dependencies:
   wrappy: '1'
optional-require:
 _:
  ^1.0.0: 1.0.0
 1.0.0:
  top: 1
  $: 168d3619843acc0fbcd6d6cc5da4cbe538663af2
  _: 'https://registry.npmjs.org/optional-require/-/optional-require-1.0.0.tgz'
path-is-absolute:
 _:
  ^1.0.0: 1.0.1
 1.0.1:
  $: 174b9268735534ffbc7ace6bf53a5a9e1b5c5f5f
  _: 'https://registry.npmjs.org/path-is-absolute/-/path-is-absolute-1.0.1.tgz'
path-is-inside:
 _:
  ^1.0.2: 1.0.2
 1.0.2:
  top: 1
  $: 365417dede44430d1c11af61027facf074bdfc53
  _: 'https://registry.npmjs.org/path-is-inside/-/path-is-inside-1.0.2.tgz'
pathval:
 _:
  ^1.0.0: 1.1.0
 1.1.0:
  $: b942e6d4bde653005ef6b71361def8727d0645e0
  _: 'https://registry.npmjs.org/pathval/-/pathval-1.1.0.tgz'
prettier:
 _:
  ^1.2.2: 1.9.2
 1.9.2:
  top: 1
  $: 96bc2132f7a32338e6078aeb29727178c6335827
  _: 'https://registry.npmjs.org/prettier/-/prettier-1.9.2.tgz'
shcmd:
 _:
  ^0.7.9: 0.7.9
 0.7.9:
  $: f202a445381ef2ec1d1df9f9b068def1e5bdcf9e
  _: 'https://registry.npmjs.org/shcmd/-/shcmd-0.7.9.tgz'
  dependencies:
   glob: ^7.0.0
string-array:
 _:
  ^1.0.0: 1.0.0
 1.0.0:
  top: 1
  $: 4a5d54a7a6c893dfd984145d08c35a1e60dc2a37
  _: 'https://registry.npmjs.org/string-array/-/string-array-1.0.0.tgz'
strip-ansi:
 _:
  ^4.0.0: 4.0.0
 4.0.0:
  $: a8479022eb1ac368a871389b635262c505ee368f
  _: 'https://registry.npmjs.org/strip-ansi/-/strip-ansi-4.0.0.tgz'
  dependencies:
   ansi-regex: ^3.0.0
supports-color:
 _:
  3.1.2: 3.1.2
  ^4.0.0: 4.5.0
 4.5.0:
  $: be7a0de484dec5c5cddf8b3d59125044912f635b
  _: 'https://registry.npmjs.org/supports-color/-/supports-color-4.5.0.tgz'
  dependencies:
   has-flag: ^2.0.0
 3.1.2:
  $: 72a262894d9d408b956ca05ff37b2ed8a6e2a2d5
  _: 'https://registry.npmjs.org/supports-color/-/supports-color-3.1.2.tgz'
  dependencies:
   has-flag: ^1.0.0
type-detect:
 _:
  ^4.0.0: 4.0.5
 4.0.5:
  $: d70e5bc81db6de2a381bcaca0c6e0cbdc7635de2
  _: 'https://registry.npmjs.org/type-detect/-/type-detect-4.0.5.tgz'
wrappy:
 _:
  '1': 1.0.2
 1.0.2:
  $: b5243d8f3ec1aa35f1364605bc0d1036e30ab69f
  _: 'https://registry.npmjs.org/wrappy/-/wrappy-1.0.2.tgz'
xsh:
 _:
  ^0.4.0: 0.4.2
 0.4.2:
  top: 1
  $: db21db8da1e133cf31e93718c35d680741da80ad
  _: 'https://registry.npmjs.org/xsh/-/xsh-0.4.2.tgz'
  dependencies:
   shcmd: ^0.7.9
xstdout:
 _:
  ^0.1.0: 0.1.1
 0.1.1:
  top: 1
  $: 8611ae7d6e298f2d2d73936ea10d709e930e095a
  _: 'https://registry.npmjs.org/xstdout/-/xstdout-0.1.1.tgz'
